// !$*UTF8*$!
{
	archiveVersion = 1;
	classes = {
	};
	objectVersion = 46;
	objects = {

/* Begin PBXBuildFile section */
		B89BF5B6193DCEFA009AFFD2 /* Foundation.framework in Frameworks */ = {isa = PBXBuildFile; fileRef = B89BF5B5193DCEFA009AFFD2 /* Foundation.framework */; };
		B89BF5B8193DCEFA009AFFD2 /* CoreGraphics.framework in Frameworks */ = {isa = PBXBuildFile; fileRef = B89BF5B7193DCEFA009AFFD2 /* CoreGraphics.framework */; };
		B89BF5BA193DCEFA009AFFD2 /* UIKit.framework in Frameworks */ = {isa = PBXBuildFile; fileRef = B89BF5B9193DCEFA009AFFD2 /* UIKit.framework */; };
		B89BF5C0193DCEFA009AFFD2 /* InfoPlist.strings in Resources */ = {isa = PBXBuildFile; fileRef = B89BF5BE193DCEFA009AFFD2 /* InfoPlist.strings */; };
		B89BF5C2193DCEFA009AFFD2 /* main.m in Sources */ = {isa = PBXBuildFile; fileRef = B89BF5C1193DCEFA009AFFD2 /* main.m */; };
		B89BF5C6193DCEFA009AFFD2 /* AppDelegate.m in Sources */ = {isa = PBXBuildFile; fileRef = B89BF5C5193DCEFA009AFFD2 /* AppDelegate.m */; };
		B89BF5C9193DCEFA009AFFD2 /* Main.storyboard in Resources */ = {isa = PBXBuildFile; fileRef = B89BF5C7193DCEFA009AFFD2 /* Main.storyboard */; };
		B89BF5CC193DCEFA009AFFD2 /* ViewController.m in Sources */ = {isa = PBXBuildFile; fileRef = B89BF5CB193DCEFA009AFFD2 /* ViewController.m */; };
		B89BF5CE193DCEFA009AFFD2 /* Images.xcassets in Resources */ = {isa = PBXBuildFile; fileRef = B89BF5CD193DCEFA009AFFD2 /* Images.xcassets */; };
		B89BF5D5193DCEFA009AFFD2 /* XCTest.framework in Frameworks */ = {isa = PBXBuildFile; fileRef = B89BF5D4193DCEFA009AFFD2 /* XCTest.framework */; };
		B89BF5D6193DCEFA009AFFD2 /* Foundation.framework in Frameworks */ = {isa = PBXBuildFile; fileRef = B89BF5B5193DCEFA009AFFD2 /* Foundation.framework */; };
		B89BF5D7193DCEFA009AFFD2 /* UIKit.framework in Frameworks */ = {isa = PBXBuildFile; fileRef = B89BF5B9193DCEFA009AFFD2 /* UIKit.framework */; };
		B89BF5DF193DCEFA009AFFD2 /* InfoPlist.strings in Resources */ = {isa = PBXBuildFile; fileRef = B89BF5DD193DCEFA009AFFD2 /* InfoPlist.strings */; };
		B89BF5E1193DCEFA009AFFD2 /* OPerationDemoTests.m in Sources */ = {isa = PBXBuildFile; fileRef = B89BF5E0193DCEFA009AFFD2 /* OPerationDemoTests.m */; };
/* End PBXBuildFile section */

/* Begin PBXContainerItemProxy section */
		B89BF5D8193DCEFA009AFFD2 /* PBXContainerItemProxy */ = {
			isa = PBXContainerItemProxy;
			containerPortal = B89BF5AA193DCEFA009AFFD2 /* Project object */;
			proxyType = 1;
			remoteGlobalIDString = B89BF5B1193DCEFA009AFFD2;
			remoteInfo = OPerationDemo;
		};
/* End PBXContainerItemProxy section */

/* Begin PBXFileReference section */
		B89BF5B2193DCEFA009AFFD2 /* OPerationDemo.app */ = {isa = PBXFileReference; explicitFileType = wrapper.application; includeInIndex = 0; path = OPerationDemo.app; sourceTree = BUILT_PRODUCTS_DIR; };
		B89BF5B5193DCEFA009AFFD2 /* Foundation.framework */ = {isa = PBXFileReference; lastKnownFileType = wrapper.framework; name = Foundation.framework; path = System/Library/Frameworks/Foundation.framework; sourceTree = SDKROOT; };
		B89BF5B7193DCEFA009AFFD2 /* CoreGraphics.framework */ = {isa = PBXFileReference; lastKnownFileType = wrapper.framework; name = CoreGraphics.framework; path = System/Library/Frameworks/CoreGraphics.framework; sourceTree = SDKROOT; };
		B89BF5B9193DCEFA009AFFD2 /* UIKit.framework */ = {isa = PBXFileReference; lastKnownFileType = wrapper.framework; name = UIKit.framework; path = System/Library/Frameworks/UIKit.framework; sourceTree = SDKROOT; };
		B89BF5BD193DCEFA009AFFD2 /* OPerationDemo-Info.plist */ = {isa = PBXFileReference; lastKnownFileType = text.plist.xml; path = "OPerationDemo-Info.plist"; sourceTree = "<group>"; };
		B89BF5BF193DCEFA009AFFD2 /* en */ = {isa = PBXFileReference; lastKnownFileType = text.plist.strings; name = en; path = en.lproj/InfoPlist.strings; sourceTree = "<group>"; };
		B89BF5C1193DCEFA009AFFD2 /* main.m */ = {isa = PBXFileReference; lastKnownFileType = sourcecode.c.objc; path = main.m; sourceTree = "<group>"; };
		B89BF5C3193DCEFA009AFFD2 /* OPerationDemo-Prefix.pch */ = {isa = PBXFileReference; lastKnownFileType = sourcecode.c.h; path = "OPerationDemo-Prefix.pch"; sourceTree = "<group>"; };
		B89BF5C4193DCEFA009AFFD2 /* AppDelegate.h */ = {isa = PBXFileReference; lastKnownFileType = sourcecode.c.h; path = AppDelegate.h; sourceTree = "<group>"; };
		B89BF5C5193DCEFA009AFFD2 /* AppDelegate.m */ = {isa = PBXFileReference; lastKnownFileType = sourcecode.c.objc; path = AppDelegate.m; sourceTree = "<group>"; };
		B89BF5C8193DCEFA009AFFD2 /* Base */ = {isa = PBXFileReference; lastKnownFileType = file.storyboard; name = Base; path = Base.lproj/Main.storyboard; sourceTree = "<group>"; };
		B89BF5CA193DCEFA009AFFD2 /* ViewController.h */ = {isa = PBXFileReference; lastKnownFileType = sourcecode.c.h; path = ViewController.h; sourceTree = "<group>"; };
		B89BF5CB193DCEFA009AFFD2 /* ViewController.m */ = {isa = PBXFileReference; lastKnownFileType = sourcecode.c.objc; path = ViewController.m; sourceTree = "<group>"; };
		B89BF5CD193DCEFA009AFFD2 /* Images.xcassets */ = {isa = PBXFileReference; lastKnownFileType = folder.assetcatalog; path = Images.xcassets; sourceTree = "<group>"; };
		B89BF5D3193DCEFA009AFFD2 /* OPerationDemoTests.xctest */ = {isa = PBXFileReference; explicitFileType = wrapper.cfbundle; includeInIndex = 0; path = OPerationDemoTests.xctest; sourceTree = BUILT_PRODUCTS_DIR; };
		B89BF5D4193DCEFA009AFFD2 /* XCTest.framework */ = {isa = PBXFileReference; lastKnownFileType = wrapper.framework; name = XCTest.framework; path = Library/Frameworks/XCTest.framework; sourceTree = DEVELOPER_DIR; };
		B89BF5DC193DCEFA009AFFD2 /* OPerationDemoTests-Info.plist */ = {isa = PBXFileReference; lastKnownFileType = text.plist.xml; path = "OPerationDemoTests-Info.plist"; sourceTree = "<group>"; };
		B89BF5DE193DCEFA009AFFD2 /* en */ = {isa = PBXFileReference; lastKnownFileType = text.plist.strings; name = en; path = en.lproj/InfoPlist.strings; sourceTree = "<group>"; };
		B89BF5E0193DCEFA009AFFD2 /* OPerationDemoTests.m */ = {isa = PBXFileReference; lastKnownFileType = sourcecode.c.objc; path = OPerationDemoTests.m; sourceTree = "<group>"; };
/* End PBXFileReference section */

/* Begin PBXFrameworksBuildPhase section */
		B89BF5AF193DCEFA009AFFD2 /* Frameworks */ = {
			isa = PBXFrameworksBuildPhase;
			buildActionMask = 2147483647;
			files = (
				B89BF5B8193DCEFA009AFFD2 /* CoreGraphics.framework in Frameworks */,
				B89BF5BA193DCEFA009AFFD2 /* UIKit.framework in Frameworks */,
				B89BF5B6193DCEFA009AFFD2 /* Foundation.framework in Frameworks */,
			);
			runOnlyForDeploymentPostprocessing = 0;
		};
		B89BF5D0193DCEFA009AFFD2 /* Frameworks */ = {
			isa = PBXFrameworksBuildPhase;
			buildActionMask = 2147483647;
			files = (
				B89BF5D5193DCEFA009AFFD2 /* XCTest.framework in Frameworks */,
				B89BF5D7193DCEFA009AFFD2 /* UIKit.framework in Frameworks */,
				B89BF5D6193DCEFA009AFFD2 /* Foundation.framework in Frameworks */,
			);
			runOnlyForDeploymentPostprocessing = 0;
		};
/* End PBXFrameworksBuildPhase section */

/* Begin PBXGroup section */
		B89BF5A9193DCEFA009AFFD2 = {
			isa = PBXGroup;
			children = (
				B89BF5BB193DCEFA009AFFD2 /* OPerationDemo */,
				B89BF5DA193DCEFA009AFFD2 /* OPerationDemoTests */,
				B89BF5B4193DCEFA009AFFD2 /* Frameworks */,
				B89BF5B3193DCEFA009AFFD2 /* Products */,
			);
			sourceTree = "<group>";
		};
		B89BF5B3193DCEFA009AFFD2 /* Products */ = {
			isa = PBXGroup;
			children = (
				B89BF5B2193DCEFA009AFFD2 /* OPerationDemo.app */,
				B89BF5D3193DCEFA009AFFD2 /* OPerationDemoTests.xctest */,
			);
			name = Products;
			sourceTree = "<group>";
		};
		B89BF5B4193DCEFA009AFFD2 /* Frameworks */ = {
			isa = PBXGroup;
			children = (
				B89BF5B5193DCEFA009AFFD2 /* Foundation.framework */,
				B89BF5B7193DCEFA009AFFD2 /* CoreGraphics.framework */,
				B89BF5B9193DCEFA009AFFD2 /* UIKit.framework */,
				B89BF5D4193DCEFA009AFFD2 /* XCTest.framework */,
			);
			name = Frameworks;
			sourceTree = "<group>";
		};
		B89BF5BB193DCEFA009AFFD2 /* OPerationDemo */ = {
			isa = PBXGroup;
			children = (
				B89BF5C4193DCEFA009AFFD2 /* AppDelegate.h */,
				B89BF5C5193DCEFA009AFFD2 /* AppDelegate.m */,
				B89BF5C7193DCEFA009AFFD2 /* Main.storyboard */,
				B89BF5CA193DCEFA009AFFD2 /* ViewController.h */,
				B89BF5CB193DCEFA009AFFD2 /* ViewController.m */,
				B89BF5CD193DCEFA009AFFD2 /* Images.xcassets */,
				B89BF5BC193DCEFA009AFFD2 /* Supporting Files */,
			);
			path = OPerationDemo;
			sourceTree = "<group>";
		};
		B89BF5BC193DCEFA009AFFD2 /* Supporting Files */ = {
			isa = PBXGroup;
			children = (
				B89BF5BD193DCEFA009AFFD2 /* OPerationDemo-Info.plist */,
				B89BF5BE193DCEFA009AFFD2 /* InfoPlist.strings */,
				B89BF5C1193DCEFA009AFFD2 /* main.m */,
				B89BF5C3193DCEFA009AFFD2 /* OPerationDemo-Prefix.pch */,
			);
			name = "Supporting Files";
			sourceTree = "<group>";
		};
		B89BF5DA193DCEFA009AFFD2 /* OPerationDemoTests */ = {
			isa = PBXGroup;
			children = (
				B89BF5E0193DCEFA009AFFD2 /* OPerationDemoTests.m */,
				B89BF5DB193DCEFA009AFFD2 /* Supporting Files */,
			);
			path = OPerationDemoTests;
			sourceTree = "<group>";
		};
		B89BF5DB193DCEFA009AFFD2 /* Supporting Files */ = {
			isa = PBXGroup;
			children = (
				B89BF5DC193DCEFA009AFFD2 /* OPerationDemoTests-Info.plist */,
				B89BF5DD193DCEFA009AFFD2 /* InfoPlist.strings */,
			);
			name = "Supporting Files";
			sourceTree = "<group>";
		};
/* End PBXGroup section */

/* Begin PBXNativeTarget section */
		B89BF5B1193DCEFA009AFFD2 /* OPerationDemo */ = {
			isa = PBXNativeTarget;
			buildConfigurationList = B89BF5E4193DCEFA009AFFD2 /* Build configuration list for PBXNativeTarget "OPerationDemo" */;
			buildPhases = (
				B89BF5AE193DCEFA009AFFD2 /* Sources */,
				B89BF5AF193DCEFA009AFFD2 /* Frameworks */,
				B89BF5B0193DCEFA009AFFD2 /* Resources */,
			);
			buildRules = (
			);
			dependencies = (
			);
			name = OPerationDemo;
			productName = OPerationDemo;
			productReference = B89BF5B2193DCEFA009AFFD2 /* OPerationDemo.app */;
			productType = "com.apple.product-type.application";
		};
		B89BF5D2193DCEFA009AFFD2 /* OPerationDemoTests */ = {
			isa = PBXNativeTarget;
			buildConfigurationList = B89BF5E7193DCEFA009AFFD2 /* Build configuration list for PBXNativeTarget "OPerationDemoTests" */;
			buildPhases = (
				B89BF5CF193DCEFA009AFFD2 /* Sources */,
				B89BF5D0193DCEFA009AFFD2 /* Frameworks */,
				B89BF5D1193DCEFA009AFFD2 /* Resources */,
			);
			buildRules = (
			);
			dependencies = (
				B89BF5D9193DCEFA009AFFD2 /* PBXTargetDependency */,
			);
			name = OPerationDemoTests;
			productName = OPerationDemoTests;
			productReference = B89BF5D3193DCEFA009AFFD2 /* OPerationDemoTests.xctest */;
			productType = "com.apple.product-type.bundle.unit-test";
		};
/* End PBXNativeTarget section */

/* Begin PBXProject section */
		B89BF5AA193DCEFA009AFFD2 /* Project object */ = {
			isa = PBXProject;
			attributes = {
				LastUpgradeCheck = 0510;
				ORGANIZATIONNAME = "莫景涛";
				TargetAttributes = {
					B89BF5D2193DCEFA009AFFD2 = {
						TestTargetID = B89BF5B1193DCEFA009AFFD2;
					};
				};
			};
			buildConfigurationList = B89BF5AD193DCEFA009AFFD2 /* Build configuration list for PBXProject "OPerationDemo" */;
			compatibilityVersion = "Xcode 3.2";
			developmentRegion = English;
			hasScannedForEncodings = 0;
			knownRegions = (
				en,
				Base,
			);
			mainGroup = B89BF5A9193DCEFA009AFFD2;
			productRefGroup = B89BF5B3193DCEFA009AFFD2 /* Products */;
			projectDirPath = "";
			projectRoot = "";
			targets = (
				B89BF5B1193DCEFA009AFFD2 /* OPerationDemo */,
				B89BF5D2193DCEFA009AFFD2 /* OPerationDemoTests */,
			);
		};
/* End PBXProject section */

/* Begin PBXResourcesBuildPhase section */
		B89BF5B0193DCEFA009AFFD2 /* Resources */ = {
			isa = PBXResourcesBuildPhase;
			buildActionMask = 2147483647;
			files = (
				B89BF5CE193DCEFA009AFFD2 /* Images.xcassets in Resources */,
				B89BF5C0193DCEFA009AFFD2 /* InfoPlist.strings in Resources */,
				B89BF5C9193DCEFA009AFFD2 /* Main.storyboard in Resources */,
			);
			runOnlyForDeploymentPostprocessing = 0;
		};
		B89BF5D1193DCEFA009AFFD2 /* Resources */ = {
			isa = PBXResourcesBuildPhase;
			buildActionMask = 2147483647;
			files = (
				B89BF5DF193DCEFA009AFFD2 /* InfoPlist.strings in Resources */,
			);
			runOnlyForDeploymentPostprocessing = 0;
		};
/* End PBXResourcesBuildPhase section */

/* Begin PBXSourcesBuildPhase section */
		B89BF5AE193DCEFA009AFFD2 /* Sources */ = {
			isa = PBXSourcesBuildPhase;
			buildActionMask = 2147483647;
			files = (
				B89BF5CC193DCEFA009AFFD2 /* ViewController.m in Sources */,
				B89BF5C6193DCEFA009AFFD2 /* AppDelegate.m in Sources */,
				B89BF5C2193DCEFA009AFFD2 /* main.m in Sources */,
			);
			runOnlyForDeploymentPostprocessing = 0;
		};
		B89BF5CF193DCEFA009AFFD2 /* Sources */ = {
			isa = PBXSourcesBuildPhase;
			buildActionMask = 2147483647;
			files = (
				B89BF5E1193DCEFA009AFFD2 /* OPerationDemoTests.m in Sources */,
			);
			runOnlyForDeploymentPostprocessing = 0;
		};
/* End PBXSourcesBuildPhase section */

/* Begin PBXTargetDependency section */
		B89BF5D9193DCEFA009AFFD2 /* PBXTargetDependency */ = {
			isa = PBXTargetDependency;
			target = B89BF5B1193DCEFA009AFFD2 /* OPerationDemo */;
			targetProxy = B89BF5D8193DCEFA009AFFD2 /* PBXContainerItemProxy */;
		};
/* End PBXTargetDependency section */

/* Begin PBXVariantGroup section */
		B89BF5BE193DCEFA009AFFD2 /* InfoPlist.strings */ = {
			isa = PBXVariantGroup;
			children = (
				B89BF5BF193DCEFA009AFFD2 /* en */,
			);
			name = InfoPlist.strings;
			sourceTree = "<group>";
		};
		B89BF5C7193DCEFA009AFFD2 /* Main.storyboard */ = {
			isa = PBXVariantGroup;
			children = (
				B89BF5C8193DCEFA009AFFD2 /* Base */,
			);
			name = Main.storyboard;
			sourceTree = "<group>";
		};
		B89BF5DD193DCEFA009AFFD2 /* InfoPlist.strings */ = {
			isa = PBXVariantGroup;
			children = (
				B89BF5DE193DCEFA009AFFD2 /* en */,
			);
			name = InfoPlist.strings;
			sourceTree = "<group>";
		};
/* End PBXVariantGroup section */

/* Begin XCBuildConfiguration section */
		B89BF5E2193DCEFA009AFFD2 /* Debug */ = {
			isa = XCBuildConfiguration;
			buildSettings = {
				ALWAYS_SEARCH_USER_PATHS = NO;
				CLANG_CXX_LANGUAGE_STANDARD = "gnu++0x";
				CLANG_CXX_LIBRARY = "libc++";
				CLANG_ENABLE_MODULES = YES;
				CLANG_ENABLE_OBJC_ARC = YES;
				CLANG_WARN_BOOL_CONVERSION = YES;
				CLANG_WARN_CONSTANT_CONVERSION = YES;
				CLANG_WARN_DIRECT_OBJC_ISA_USAGE = YES_ERROR;
				CLANG_WARN_EMPTY_BODY = YES;
				CLANG_WARN_ENUM_CONVERSION = YES;
				CLANG_WARN_INT_CONVERSION = YES;
				CLANG_WARN_OBJC_ROOT_CLASS = YES_ERROR;
				CLANG_WARN__DUPLICATE_METHOD_MATCH = YES;
				"CODE_SIGN_IDENTITY[sdk=iphoneos*]" = "iPhone Developer";
				COPY_PHASE_STRIP = NO;
				GCC_C_LANGUAGE_STANDARD = gnu99;
				GCC_DYNAMIC_NO_PIC = NO;
				GCC_OPTIMIZATION_LEVEL = 0;
				GCC_PREPROCESSOR_DEFINITIONS = (
					"DEBUG=1",
					"$(inherited)",
				);
				GCC_SYMBOLS_PRIVATE_EXTERN = NO;
				GCC_WARN_64_TO_32_BIT_CONVERSION = YES;
				GCC_WARN_ABOUT_RETURN_TYPE = YES_ERROR;
				GCC_WARN_UNDECLARED_SELECTOR = YES;
				GCC_WARN_UNINITIALIZED_AUTOS = YES_AGGRESSIVE;
				GCC_WARN_UNUSED_FUNCTION = YES;
				GCC_WARN_UNUSED_VARIABLE = YES;
				IPHONEOS_DEPLOYMENT_TARGET = 7.1;
				ONLY_ACTIVE_ARCH = YES;
				SDKROOT = iphoneos;
			};
			name = Debug;
		};
		B89BF5E3193DCEFA009AFFD2 /* Release */ = {
			isa = XCBuildConfiguration;
			buildSettings = {
				ALWAYS_SEARCH_USER_PATHS = NO;
				CLANG_CXX_LANGUAGE_STANDARD = "gnu++0x";
				CLANG_CXX_LIBRARY = "libc++";
				CLANG_ENABLE_MODULES = YES;
				CLANG_ENABLE_OBJC_ARC = YES;
				CLANG_WARN_BOOL_CONVERSION = YES;
				CLANG_WARN_CONSTANT_CONVERSION = YES;
				CLANG_WARN_DIRECT_OBJC_ISA_USAGE = YES_ERROR;
				CLANG_WARN_EMPTY_BODY = YES;
				CLANG_WARN_ENUM_CONVERSION = YES;
				CLANG_WARN_INT_CONVERSION = YES;
				CLANG_WARN_OBJC_ROOT_CLASS = YES_ERROR;
				CLANG_WARN__DUPLICATE_METHOD_MATCH = YES;
				"CODE_SIGN_IDENTITY[sdk=iphoneos*]" = "iPhone Developer";
				COPY_PHASE_STRIP = YES;
				ENABLE_NS_ASSERTIONS = NO;
				GCC_C_LANGUAGE_STANDARD = gnu99;
				GCC_WARN_64_TO_32_BIT_CONVERSION = YES;
				GCC_WARN_ABOUT_RETURN_TYPE = YES_ERROR;
				GCC_WARN_UNDECLARED_SELECTOR = YES;
				GCC_WARN_UNINITIALIZED_AUTOS = YES_AGGRESSIVE;
				GCC_WARN_UNUSED_FUNCTION = YES;
				GCC_WARN_UNUSED_VARIABLE = YES;
				IPHONEOS_DEPLOYMENT_TARGET = 7.1;
				SDKROOT = iphoneos;
				VALIDATE_PRODUCT = YES;
			};
			name = Release;
		};
		B89BF5E5193DCEFA009AFFD2 /* Debug */ = {
			isa = XCBuildConfiguration;
			buildSettings = {
				ASSETCATALOG_COMPILER_APPICON_NAME = AppIcon;
				ASSETCATALOG_COMPILER_LAUNCHIMAGE_NAME = LaunchImage;
				GCC_PRECOMPILE_PREFIX_HEADER = YES;
				GCC_PREFIX_HEADER = "OPerationDemo/OPerationDemo-Prefix.pch";
				INFOPLIST_FILE = "OPerationDemo/OPerationDemo-Info.plist";
				PRODUCT_NAME = "$(TARGET_NAME)";
				WRAPPER_EXTENSION = app;
			};
			name = Debug;
		};
		B89BF5E6193DCEFA009AFFD2 /* Release */ = {
			isa = XCBuildConfiguration;
			buildSettings = {
				ASSETCATALOG_COMPILER_APPICON_NAME = AppIcon;
				ASSETCATALOG_COMPILER_LAUNCHIMAGE_NAME = LaunchImage;
				GCC_PRECOMPILE_PREFIX_HEADER = YES;
				GCC_PREFIX_HEADER = "OPerationDemo/OPerationDemo-Prefix.pch";
				INFOPLIST_FILE = "OPerationDemo/OPerationDemo-Info.plist";
				PRODUCT_NAME = "$(TARGET_NAME)";
				WRAPPER_EXTENSION = app;
			};
			name = Release;
		};
		B89BF5E8193DCEFA009AFFD2 /* Debug */ = {
			isa = XCBuildConfiguration;
			buildSettings = {
				BUNDLE_LOADER = "$(BUILT_PRODUCTS_DIR)/OPerationDemo.app/OPerationDemo";
				FRAMEWORK_SEARCH_PATHS = (
					"$(SDKROOT)/Developer/Library/Frameworks",
					"$(inherited)",
					"$(DEVELOPER_FRAMEWORKS_DIR)",
				);
				GCC_PRECOMPILE_PREFIX_HEADER = YES;
				GCC_PREFIX_HEADER = "OPerationDemo/OPerationDemo-Prefix.pch";
				GCC_PREPROCESSOR_DEFINITIONS = (
					"DEBUG=1",
					"$(inherited)",
				);
				INFOPLIST_FILE = "OPerationDemoTests/OPerationDemoTests-Info.plist";
				PRODUCT_NAME = "$(TARGET_NAME)";
				TEST_HOST = "$(BUNDLE_LOADER)";
				WRAPPER_EXTENSION = xctest;
			};
			name = Debug;
		};
		B89BF5E9193DCEFA009AFFD2 /* Release */ = {
			isa = XCBuildConfiguration;
			buildSettings = {
				BUNDLE_LOADER = "$(BUILT_PRODUCTS_DIR)/OPerationDemo.app/OPerationDemo";
				FRAMEWORK_SEARCH_PATHS = (
					"$(SDKROOT)/Developer/Library/Frameworks",
					"$(inherited)",
					"$(DEVELOPER_FRAMEWORKS_DIR)",
				);
				GCC_PRECOMPILE_PREFIX_HEADER = YES;
				GCC_PREFIX_HEADER = "OPerationDemo/OPerationDemo-Prefix.pch";
				INFOPLIST_FILE = "OPerationDemoTests/OPerationDemoTests-Info.plist";
				PRODUCT_NAME = "$(TARGET_NAME)";
				TEST_HOST = "$(BUNDLE_LOADER)";
				WRAPPER_EXTENSION = xctest;
			};
			name = Release;
		};
/* End XCBuildConfiguration section */

/* Begin XCConfigurationList section */
		B89BF5AD193DCEFA009AFFD2 /* Build configuration list for PBXProject "OPerationDemo" */ = {
			isa = XCConfigurationList;
			buildConfigurations = (
				B89BF5E2193DCEFA009AFFD2 /* Debug */,
				B89BF5E3193DCEFA009AFFD2 /* Release */,
			);
			defaultConfigurationIsVisible = 0;
			defaultConfigurationName = Release;
		};
		B89BF5E4193DCEFA009AFFD2 /* Build configuration list for PBXNativeTarget "OPerationDemo" */ = {
			isa = XCConfigurationList;
			buildConfigurations = (
				B89BF5E5193DCEFA009AFFD2 /* Debug */,
				B89BF5E6193DCEFA009AFFD2 /* Release */,
			);
			defaultConfigurationIsVisible = 0;
		};
		B89BF5E7193DCEFA009AFFD2 /* Build configuration list for PBXNativeTarget "OPerationDemoTests" */ = {
			isa = XCConfigurationList;
			buildConfigurations = (
				B89BF5E8193DCEFA009AFFD2 /* Debug */,
				B89BF5E9193DCEFA009AFFD2 /* Release */,
			);
			defaultConfigurationIsVisible = 0;
		};
/* End XCConfigurationList section */
	};
	rootObject = B89BF5AA193DCEFA009AFFD2 /* Project object */;
}
